
Microsoft Visual Studio Solution File, Format Version 12.00
# Visual Studio 15
VisualStudioVersion = 15.0.27004.2008
MinimumVisualStudioVersion = 10.0.40219.1
Project("{FAE04EC0-301F-11D3-BF4B-00C04F79EFBC}") = "Core", "Core\Core.csproj", "{C8A33EB3-C67D-44C6-8964-93022EEA287F}"
EndProject
Project("{FAE04EC0-301F-11D3-BF4B-00C04F79EFBC}") = "OptimisationMethods", "OptimizationMethods\OptimisationMethods.csproj", "{D052779F-D98C-4EB5-A0C1-737E58118A8C}"
EndProject
Project("{FAE04EC0-301F-11D3-BF4B-00C04F79EFBC}") = "GUI", "GUI\GUI.csproj", "{911B74E2-5006-438D-B2AB-068B6E7CAE70}"
EndProject
Project("{FAE04EC0-301F-11D3-BF4B-00C04F79EFBC}") = "CoreTests", "CoreTests\CoreTests.csproj", "{322C11C8-C164-4D3F-89D0-209E137949CD}"
EndProject
Project("{FAE04EC0-301F-11D3-BF4B-00C04F79EFBC}") = "OptimisationMethodsTests", "OptimisationMethodsTests\OptimisationMethodsTests.csproj", "{242A4CC7-F93E-4013-9D45-C584FE7DB10A}"
EndProject
Global
	GlobalSection(SolutionConfigurationPlatforms) = preSolution
		Debug|Any CPU = Debug|Any CPU
		Release|Any CPU = Release|Any CPU
	EndGlobalSection
	GlobalSection(ProjectConfigurationPlatforms) = postSolution
		{C8A33EB3-C67D-44C6-8964-93022EEA287F}.Debug|Any CPU.ActiveCfg = Debug|Any CPU
		{C8A33EB3-C67D-44C6-8964-93022EEA287F}.Debug|Any CPU.Build.0 = Debug|Any CPU
		{C8A33EB3-C67D-44C6-8964-93022EEA287F}.Release|Any CPU.ActiveCfg = Release|Any CPU
		{C8A33EB3-C67D-44C6-8964-93022EEA287F}.Release|Any CPU.Build.0 = Release|Any CPU
		{D052779F-D98C-4EB5-A0C1-737E58118A8C}.Debug|Any CPU.ActiveCfg = Debug|Any CPU
		{D052779F-D98C-4EB5-A0C1-737E58118A8C}.Debug|Any CPU.Build.0 = Debug|Any CPU
		{D052779F-D98C-4EB5-A0C1-737E58118A8C}.Release|Any CPU.ActiveCfg = Release|Any CPU
		{D052779F-D98C-4EB5-A0C1-737E58118A8C}.Release|Any CPU.Build.0 = Release|Any CPU
		{911B74E2-5006-438D-B2AB-068B6E7CAE70}.Debug|Any CPU.ActiveCfg = Debug|Any CPU
		{911B74E2-5006-438D-B2AB-068B6E7CAE70}.Debug|Any CPU.Build.0 = Debug|Any CPU
		{911B74E2-5006-438D-B2AB-068B6E7CAE70}.Release|Any CPU.ActiveCfg = Release|Any CPU
		{911B74E2-5006-438D-B2AB-068B6E7CAE70}.Release|Any CPU.Build.0 = Release|Any CPU
		{322C11C8-C164-4D3F-89D0-209E137949CD}.Debug|Any CPU.ActiveCfg = Debug|Any CPU
		{322C11C8-C164-4D3F-89D0-209E137949CD}.Debug|Any CPU.Build.0 = Debug|Any CPU
		{322C11C8-C164-4D3F-89D0-209E137949CD}.Release|Any CPU.ActiveCfg = Release|Any CPU
		{322C11C8-C164-4D3F-89D0-209E137949CD}.Release|Any CPU.Build.0 = Release|Any CPU
		{242A4CC7-F93E-4013-9D45-C584FE7DB10A}.Debug|Any CPU.ActiveCfg = Debug|Any CPU
		{242A4CC7-F93E-4013-9D45-C584FE7DB10A}.Debug|Any CPU.Build.0 = Debug|Any CPU
		{242A4CC7-F93E-4013-9D45-C584FE7DB10A}.Release|Any CPU.ActiveCfg = Release|Any CPU
		{242A4CC7-F93E-4013-9D45-C584FE7DB10A}.Release|Any CPU.Build.0 = Release|Any CPU
	EndGlobalSection
	GlobalSection(SolutionProperties) = preSolution
		HideSolutionNode = FALSE
	EndGlobalSection
	GlobalSection(ExtensibilityGlobals) = postSolution
		SolutionGuid = {194CFCD7-5259-42FF-B655-FF1CC77F37AA}
	EndGlobalSection
EndGlobal
